{
  "name": "TAIL-Trackr",
  "lockfileVersion": 3,
  "requires": true,
  "packages": {
    "": {
      "dependencies": {
        "react-geolocated": "^4.1.2"
      }
    },
    "node_modules/react-geolocated": {
      "version": "4.1.2",
      "resolved": "https://registry.npmjs.org/react-geolocated/-/react-geolocated-4.1.2.tgz",
      "integrity": "sha512-/Ec26Wb1h06bB/axHYclBxrG0Yqob0T0W9awRi87cyedC3rMnpOR+Aqb7Q26FAEF+dNWXIpVDGNw1YZtlPUAEw==",
      "peerDependencies": {
        "react": ">= 16.8.0 < 19.0.0"
      }
    }
  }
}
